
Microsoft Visual Studio Solution File, Format Version 12.00
# Visual Studio Version 16
VisualStudioVersion = 16.0.31624.102
MinimumVisualStudioVersion = 10.0.40219.1
Project("{9A19103F-16F7-4668-BE54-9A1E7A4F7556}") = "BlissAcademy.Web", "src\apps\BlissAcademy.Web\BlissAcademy.Web.csproj", "{D717A537-B739-43D2-A3F2-7FEF4EBCB817}"
EndProject
Global
	GlobalSection(SolutionConfigurationPlatforms) = preSolution
		Debug|Any CPU = Debug|Any CPU
		Release|Any CPU = Release|Any CPU
	EndGlobalSection
	GlobalSection(ProjectConfigurationPlatforms) = postSolution
		{D717A537-B739-43D2-A3F2-7FEF4EBCB817}.Debug|Any CPU.ActiveCfg = Debug|Any CPU
		{D717A537-B739-43D2-A3F2-7FEF4EBCB817}.Debug|Any CPU.Build.0 = Debug|Any CPU
		{D717A537-B739-43D2-A3F2-7FEF4EBCB817}.Release|Any CPU.ActiveCfg = Release|Any CPU
		{D717A537-B739-43D2-A3F2-7FEF4EBCB817}.Release|Any CPU.Build.0 = Release|Any CPU
	EndGlobalSection
	GlobalSection(SolutionProperties) = preSolution
		HideSolutionNode = FALSE
	EndGlobalSection
	GlobalSection(ExtensibilityGlobals) = postSolution
		SolutionGuid = {00F86A33-D4EE-4E60-B7A0-C5FF3E1D200B}
	EndGlobalSection
EndGlobal
